
Microsoft Visual Studio Solution File, Format Version 12.00
# Visual Studio Version 16
VisualStudioVersion = 16.0.30907.101
MinimumVisualStudioVersion = 10.0.40219.1
Project("{FAE04EC0-301F-11D3-BF4B-00C04F79EFBC}") = "Pharmacy API", "Pharmacy API\Pharmacy API.csproj", "{4D9DEAE6-DB7C-4BDA-A6FE-12CDD67FFECA}"
EndProject
Global
	GlobalSection(SolutionConfigurationPlatforms) = preSolution
		Debug|Any CPU = Debug|Any CPU
		Release|Any CPU = Release|Any CPU
	EndGlobalSection
	GlobalSection(ProjectConfigurationPlatforms) = postSolution
		{4D9DEAE6-DB7C-4BDA-A6FE-12CDD67FFECA}.Debug|Any CPU.ActiveCfg = Debug|Any CPU
		{4D9DEAE6-DB7C-4BDA-A6FE-12CDD67FFECA}.Debug|Any CPU.Build.0 = Debug|Any CPU
		{4D9DEAE6-DB7C-4BDA-A6FE-12CDD67FFECA}.Release|Any CPU.ActiveCfg = Release|Any CPU
		{4D9DEAE6-DB7C-4BDA-A6FE-12CDD67FFECA}.Release|Any CPU.Build.0 = Release|Any CPU
	EndGlobalSection
	GlobalSection(SolutionProperties) = preSolution
		HideSolutionNode = FALSE
	EndGlobalSection
	GlobalSection(ExtensibilityGlobals) = postSolution
		SolutionGuid = {053176EB-F3FC-4B9F-B8EC-3A05F9CBBD10}
	EndGlobalSection
EndGlobal
